<?xml version="1.0" encoding="utf-8"?>
<Project ToolsVersion="4.0" xmlns="http://schemas.microsoft.com/developer/msbuild/2003">
  <ItemGroup>
    <ClCompile Include="Core\Log.cpp" />
    <ClCompile Include="Core\Application.cpp" />
    <ClCompile Include="Core\Window.cpp" />
    <ClCompile Include="Vendor\stb_image.cpp" />
    <ClCompile Include="Vendor\glad.c" />
    <ClCompile Include="IO\LoadShader.cpp" />
    <ClCompile Include="Shading\Shader.cpp" />
    <ClCompile Include="Shading\Texture.cpp" />
    <ClCompile Include="IO\LoadTexture.cpp" />
    <ClCompile Include="Geometry\Mesh.cpp" />
    <ClCompile Include="IO\Loader.cpp" />
  </ItemGroup>
  <ItemGroup>
    <ClInclude Include="Core\Log.hpp" />
    <ClInclude Include="Engine.hpp" />
    <ClInclude Include="Core\Application.hpp" />
    <ClInclude Include="Core\Window.hpp" />
    <ClInclude Include="Event\WindowEvent.hpp" />
    <ClInclude Include="Event\Event.hpp" />
    <ClInclude Include="Core\Macro.hpp" />
    <ClInclude Include="Core\EntryPoint.hpp" />
    <ClInclude Include="Vendor\stb_image.h" />
    <ClInclude Include="Shading\Shader.hpp" />
    <ClInclude Include="IO\LoadShader.hpp" />
    <ClInclude Include="Shading\ShaderType.hpp" />
    <ClInclude Include="Shading\Texture.hpp" />
    <ClInclude Include="IO\LoadTexture.hpp" />
    <ClInclude Include="IO\Loader.hpp" />
    <ClInclude Include="Geometry\Quad.hpp" />
    <ClInclude Include="Geometry\Mesh.hpp" />
  </ItemGroup>
</Project>