<?xml version="1.0" encoding="utf-8"?>
<Project ToolsVersion="4.0" xmlns="http://schemas.microsoft.com/developer/msbuild/2003">
  <ItemGroup>
    <ClCompile Include="Core\Log.cpp" />
    <ClCompile Include="Core\Application.cpp" />
    <ClCompile Include="Core\Window.cpp" />
    <ClCompile Include="Vendor\stb_image.cpp" />
    <ClCompile Include="Vendor\glad.c" />
    <ClCompile Include="IO\LoadShader.cpp" />
    <ClCompile Include="Shading\Shader.cpp" />
    <ClCompile Include="Shading\Texture.cpp" />
    <ClCompile Include="IO\LoadTexture.cpp" />
    <ClCompile Include="Geometry\Mesh.cpp" />
    <ClCompile Include="IO\Loader.cpp" />
    <ClCompile Include="Shading\TextureCube.cpp" />
    <ClCompile Include="Shading\Material.cpp" />
    <ClCompile Include="Renderer\RenderTarget.cpp" />
    <ClCompile Include="Renderer\MaterialLibrary.cpp" />
    <ClCompile Include="Renderer\CommandBuffer.cpp" />
    <ClCompile Include="Scene\Frustum.cpp" />
    <ClCompile Include="Scene\Camera.cpp" />
    <ClCompile Include="Scene\FlyCamera.cpp" />
    <ClCompile Include="Scene\SceneNode.cpp" />
    <ClCompile Include="Scene\Scene.cpp" />
    <ClCompile Include="Renderer\GraphicCache.cpp" />
    <ClCompile Include="IO\LoadMesh.cpp" />
    <ClCompile Include="Renderer\Renderer.cpp" />
    <ClCompile Include="Renderer\PostProcessor.cpp" />
    <ClCompile Include="Renderer\PBR.cpp" />
    <ClCompile Include="Geometry\Cube.cpp" />
  </ItemGroup>
  <ItemGroup>
    <ClInclude Include="Core\Log.hpp" />
    <ClInclude Include="Engine.hpp" />
    <ClInclude Include="Core\Application.hpp" />
    <ClInclude Include="Core\Window.hpp" />
    <ClInclude Include="Event\WindowEvent.hpp" />
    <ClInclude Include="Event\Event.hpp" />
    <ClInclude Include="Core\Macro.hpp" />
    <ClInclude Include="Core\EntryPoint.hpp" />
    <ClInclude Include="Vendor\stb_image.h" />
    <ClInclude Include="Shading\Shader.hpp" />
    <ClInclude Include="IO\LoadShader.hpp" />
    <ClInclude Include="Shading\ShaderType.hpp" />
    <ClInclude Include="Shading\Texture.hpp" />
    <ClInclude Include="IO\LoadTexture.hpp" />
    <ClInclude Include="IO\Loader.hpp" />
    <ClInclude Include="Geometry\Quad.hpp" />
    <ClInclude Include="Geometry\Mesh.hpp" />
    <ClInclude Include="Renderer\CommandBuffer.hpp" />
    <ClInclude Include="Shading\Material.hpp" />
    <ClInclude Include="Shading\TextureCube.hpp" />
    <ClInclude Include="Renderer\MaterialLibrary.hpp" />
    <ClInclude Include="Renderer\RenderTarget.hpp" />
    <ClInclude Include="Renderer\RenderCommand.hpp" />
    <ClInclude Include="Renderer\Renderer.hpp" />
    <ClInclude Include="Scene\Camera.hpp" />
    <ClInclude Include="Scene\Frustum.hpp" />
    <ClInclude Include="Math\Math.hpp" />
    <ClInclude Include="Scene\FlyCamera.hpp" />
    <ClInclude Include="Scene\SceneNode.hpp" />
    <ClInclude Include="Scene\SkyBox.hpp" />
    <ClInclude Include="Scene\Scene.hpp" />
    <ClInclude Include="Renderer\GraphicCache.hpp" />
    <ClInclude Include="IO\LoadMesh.hpp" />
    <ClInclude Include="Renderer\PostProcessor.hpp" />
    <ClInclude Include="Renderer\PBR.hpp" />
    <ClInclude Include="Geometry\Cube.hpp" />
    <ClInclude Include="Geometry\Sphere.hpp" />
    <ClInclude Include="Scene\Light.hpp" />
  </ItemGroup>
</Project>