<?xml version="1.0" encoding="utf-8"?>
<Project ToolsVersion="4.0" xmlns="http://schemas.microsoft.com/developer/msbuild/2003">
  <ItemGroup>
    <Filter Include="源文件">
      <UniqueIdentifier>{4FC737F1-C7A5-4376-A066-2A32D752A2FF}</UniqueIdentifier>
      <Extensions>cpp;c;cc;cxx;def;odl;idl;hpj;bat;asm;asmx</Extensions>
    </Filter>
    <Filter Include="头文件">
      <UniqueIdentifier>{93995380-89BD-4b04-88EB-625FBE52EBFB}</UniqueIdentifier>
      <Extensions>h;hh;hpp;hxx;hm;inl;inc;ipp;xsd</Extensions>
    </Filter>
    <Filter Include="资源文件">
      <UniqueIdentifier>{67DA6AB6-F800-4c08-8B7A-83BB121AAD01}</UniqueIdentifier>
      <Extensions>rc;ico;cur;bmp;dlg;rc2;rct;bin;rgs;gif;jpg;jpeg;jpe;resx;tiff;tif;png;wav;mfcribbon-ms</Extensions>
    </Filter>
  </ItemGroup>
  <ItemGroup>
    <ClCompile Include="Core\Log.cpp">
      <Filter>源文件</Filter>
    </ClCompile>
    <ClCompile Include="Core\Window.cpp">
      <Filter>源文件</Filter>
    </ClCompile>
    <ClCompile Include="Render\Shader.cpp">
      <Filter>源文件</Filter>
    </ClCompile>
    <ClCompile Include="Render\Texture.cpp">
      <Filter>源文件</Filter>
    </ClCompile>
    <ClCompile Include="Render\TextureCube.cpp">
      <Filter>源文件</Filter>
    </ClCompile>
    <ClCompile Include="Render\Material.cpp">
      <Filter>源文件</Filter>
    </ClCompile>
    <ClCompile Include="IO\LoadShader.cpp">
      <Filter>源文件</Filter>
    </ClCompile>
    <ClCompile Include="IO\LoadTexture.cpp">
      <Filter>源文件</Filter>
    </ClCompile>
    <ClCompile Include="Vendor\glad.c">
      <Filter>源文件</Filter>
    </ClCompile>
    <ClCompile Include="Vendor\stb_image.cpp">
      <Filter>源文件</Filter>
    </ClCompile>
    <ClCompile Include="Scene\Scene.cpp">
      <Filter>源文件</Filter>
    </ClCompile>
    <ClCompile Include="Scene\SceneNode.cpp">
      <Filter>源文件</Filter>
    </ClCompile>
    <ClCompile Include="Render\Mesh.cpp">
      <Filter>源文件</Filter>
    </ClCompile>
    <ClCompile Include="Core\Asset.cpp">
      <Filter>源文件</Filter>
    </ClCompile>
    <ClCompile Include="Scene\SkyBox.cpp">
      <Filter>源文件</Filter>
    </ClCompile>
    <ClCompile Include="Render\RenderTarget.cpp">
      <Filter>源文件</Filter>
    </ClCompile>
    <ClCompile Include="Render\CommandBuffer.cpp">
      <Filter>源文件</Filter>
    </ClCompile>
    <ClCompile Include="Render\Renderer.cpp">
      <Filter>源文件</Filter>
    </ClCompile>
    <ClCompile Include="Render\GraphicsCache.cpp">
      <Filter>源文件</Filter>
    </ClCompile>
    <ClCompile Include="Core\Application.cpp">
      <Filter>源文件</Filter>
    </ClCompile>
    <ClCompile Include="Render\RenderHelper.cpp">
      <Filter>源文件</Filter>
    </ClCompile>
    <ClCompile Include="Scene\FlyCamera.cpp">
      <Filter>源文件</Filter>
    </ClCompile>
    <ClCompile Include="Scene\Camera.cpp">
      <Filter>源文件</Filter>
    </ClCompile>
    <ClCompile Include="Pipeline\PP_PBRDeffered.cpp">
      <Filter>源文件</Filter>
    </ClCompile>
    <ClCompile Include="Pipeline\PP_PBRIBLForward.cpp">
      <Filter>源文件</Filter>
    </ClCompile>
    <ClCompile Include="Event\Event_Implement.cpp">
      <Filter>源文件</Filter>
    </ClCompile>
    <ClCompile Include="IO\LoadMesh.cpp">
      <Filter>源文件</Filter>
    </ClCompile>
  </ItemGroup>
  <ItemGroup>
    <ClInclude Include="Api.hpp">
      <Filter>头文件</Filter>
    </ClInclude>
    <ClInclude Include="Core\Log.hpp">
      <Filter>头文件</Filter>
    </ClInclude>
    <ClInclude Include="Core\Macro.hpp">
      <Filter>头文件</Filter>
    </ClInclude>
    <ClInclude Include="Core\Window.hpp">
      <Filter>头文件</Filter>
    </ClInclude>
    <ClInclude Include="Event\Event.hpp">
      <Filter>头文件</Filter>
    </ClInclude>
    <ClInclude Include="Event\Event_Window.hpp">
      <Filter>头文件</Filter>
    </ClInclude>
    <ClInclude Include="Render\Shader.hpp">
      <Filter>头文件</Filter>
    </ClInclude>
    <ClInclude Include="Render\Texture.hpp">
      <Filter>头文件</Filter>
    </ClInclude>
    <ClInclude Include="Render\TextureCube.hpp">
      <Filter>头文件</Filter>
    </ClInclude>
    <ClInclude Include="Render\Material.hpp">
      <Filter>头文件</Filter>
    </ClInclude>
    <ClInclude Include="IO\LoadShader.hpp">
      <Filter>头文件</Filter>
    </ClInclude>
    <ClInclude Include="IO\LoadTexture.hpp">
      <Filter>头文件</Filter>
    </ClInclude>
    <ClInclude Include="Vendor\stb_image.h">
      <Filter>头文件</Filter>
    </ClInclude>
    <ClInclude Include="Scene\Scene.hpp">
      <Filter>头文件</Filter>
    </ClInclude>
    <ClInclude Include="Scene\SceneNode.hpp">
      <Filter>头文件</Filter>
    </ClInclude>
    <ClInclude Include="Render\Mesh.hpp">
      <Filter>头文件</Filter>
    </ClInclude>
    <ClInclude Include="Geometry\Quad.hpp">
      <Filter>头文件</Filter>
    </ClInclude>
    <ClInclude Include="Geometry\Cube.hpp">
      <Filter>头文件</Filter>
    </ClInclude>
    <ClInclude Include="Geometry\Sphere.hpp">
      <Filter>头文件</Filter>
    </ClInclude>
    <ClInclude Include="Core\Asset.hpp">
      <Filter>头文件</Filter>
    </ClInclude>
    <ClInclude Include="Scene\SkyBox.hpp">
      <Filter>头文件</Filter>
    </ClInclude>
    <ClInclude Include="Render\CommandBuffer.hpp">
      <Filter>头文件</Filter>
    </ClInclude>
    <ClInclude Include="Render\RenderTarget.hpp">
      <Filter>头文件</Filter>
    </ClInclude>
    <ClInclude Include="Render\GraphicsCache.hpp">
      <Filter>头文件</Filter>
    </ClInclude>
    <ClInclude Include="Render\Renderer.hpp">
      <Filter>头文件</Filter>
    </ClInclude>
    <ClInclude Include="Core\Application.hpp">
      <Filter>头文件</Filter>
    </ClInclude>
    <ClInclude Include="Core\EntryPoint.hpp">
      <Filter>头文件</Filter>
    </ClInclude>
    <ClInclude Include="Render\RenderHelper.hpp">
      <Filter>头文件</Filter>
    </ClInclude>
    <ClInclude Include="Scene\FlyCamera.hpp">
      <Filter>头文件</Filter>
    </ClInclude>
    <ClInclude Include="Scene\Camera.hpp">
      <Filter>头文件</Filter>
    </ClInclude>
    <ClInclude Include="Render\Pipeline.hpp">
      <Filter>头文件</Filter>
    </ClInclude>
    <ClInclude Include="Scene\Light.hpp">
      <Filter>头文件</Filter>
    </ClInclude>
    <ClInclude Include="Pipeline\PP_PBRDeffered.hpp">
      <Filter>头文件</Filter>
    </ClInclude>
    <ClInclude Include="Pipeline\PP_PBRIBLForward.hpp">
      <Filter>头文件</Filter>
    </ClInclude>
    <ClInclude Include="Event\Event_Key.hpp">
      <Filter>头文件</Filter>
    </ClInclude>
    <ClInclude Include="Event\Event_Mouse.hpp">
      <Filter>头文件</Filter>
    </ClInclude>
    <ClInclude Include="IO\LoadMesh.hpp">
      <Filter>头文件</Filter>
    </ClInclude>
  </ItemGroup>
</Project>